
Microsoft Visual Studio Solution File, Format Version 12.00
# Visual Studio 14
VisualStudioVersion = 14.0.25420.1
MinimumVisualStudioVersion = 10.0.40219.1
Project("{FAE04EC0-301F-11D3-BF4B-00C04F79EFBC}") = "sysbench-parse", "sysbench-parse\sysbench-parse.csproj", "{F3B5DA1B-235B-4629-93F6-E25B97F0FEF7}"
EndProject
Project("{33AD0EE8-D99B-4E14-8CD9-3F56ABEF97A2}") = "vm-bench-dcom", "..\vm-bench-dcom\vm-bench-dcom\vm-bench-dcom.funproj", "{88714DC0-F243-4643-A5C9-23AD1E5D157D}"
EndProject
Global
	GlobalSection(SolutionConfigurationPlatforms) = preSolution
		Debug|Any CPU = Debug|Any CPU
		Release|Any CPU = Release|Any CPU
	EndGlobalSection
	GlobalSection(ProjectConfigurationPlatforms) = postSolution
		{F3B5DA1B-235B-4629-93F6-E25B97F0FEF7}.Debug|Any CPU.ActiveCfg = Debug|Any CPU
		{F3B5DA1B-235B-4629-93F6-E25B97F0FEF7}.Debug|Any CPU.Build.0 = Debug|Any CPU
		{F3B5DA1B-235B-4629-93F6-E25B97F0FEF7}.Release|Any CPU.ActiveCfg = Release|Any CPU
		{F3B5DA1B-235B-4629-93F6-E25B97F0FEF7}.Release|Any CPU.Build.0 = Release|Any CPU
		{88714DC0-F243-4643-A5C9-23AD1E5D157D}.Debug|Any CPU.ActiveCfg = Debug|Any CPU
		{88714DC0-F243-4643-A5C9-23AD1E5D157D}.Debug|Any CPU.Build.0 = Debug|Any CPU
		{88714DC0-F243-4643-A5C9-23AD1E5D157D}.Release|Any CPU.ActiveCfg = Release|Any CPU
		{88714DC0-F243-4643-A5C9-23AD1E5D157D}.Release|Any CPU.Build.0 = Release|Any CPU
	EndGlobalSection
	GlobalSection(SolutionProperties) = preSolution
		HideSolutionNode = FALSE
	EndGlobalSection
EndGlobal
